// !$*UTF8*$!
{
	archiveVersion = 1;
	classes = {
	};
	objectVersion = 77;
	objects = {

/* Begin PBXContainerItemProxy section */
		28A57EA62CD6AD1000200294 /* PBXContainerItemProxy */ = {
			isa = PBXContainerItemProxy;
			containerPortal = 28A57E8D2CD6AD0A00200294 /* Project object */;
			proxyType = 1;
			remoteGlobalIDString = 28A57E942CD6AD0A00200294;
			remoteInfo = HCI_project;
		};
		28A57EB02CD6AD1000200294 /* PBXContainerItemProxy */ = {
			isa = PBXContainerItemProxy;
			containerPortal = 28A57E8D2CD6AD0A00200294 /* Project object */;
			proxyType = 1;
			remoteGlobalIDString = 28A57E942CD6AD0A00200294;
			remoteInfo = HCI_project;
		};
/* End PBXContainerItemProxy section */

/* Begin PBXFileReference section */
		28A57E952CD6AD0A00200294 /* HCI_project.app */ = {isa = PBXFileReference; explicitFileType = wrapper.application; includeInIndex = 0; path = HCI_project.app; sourceTree = BUILT_PRODUCTS_DIR; };
		28A57EA52CD6AD1000200294 /* HCI_projectTests.xctest */ = {isa = PBXFileReference; explicitFileType = wrapper.cfbundle; includeInIndex = 0; path = HCI_projectTests.xctest; sourceTree = BUILT_PRODUCTS_DIR; };
		28A57EAF2CD6AD1000200294 /* HCI_projectUITests.xctest */ = {isa = PBXFileReference; explicitFileType = wrapper.cfbundle; includeInIndex = 0; path = HCI_projectUITests.xctest; sourceTree = BUILT_PRODUCTS_DIR; };
/* End PBXFileReference section */

/* Begin PBXFileSystemSynchronizedRootGroup section */
		28A57E972CD6AD0A00200294 /* HCI_project */ = {
			isa = PBXFileSystemSynchronizedRootGroup;
			path = HCI_project;
			sourceTree = "<group>";
		};
		28A57EA82CD6AD1000200294 /* HCI_projectTests */ = {
			isa = PBXFileSystemSynchronizedRootGroup;
			path = HCI_projectTests;
			sourceTree = "<group>";
		};
		28A57EB22CD6AD1000200294 /* HCI_projectUITests */ = {
			isa = PBXFileSystemSynchronizedRootGroup;
			path = HCI_projectUITests;
			sourceTree = "<group>";
		};
/* End PBXFileSystemSynchronizedRootGroup section */

/* Begin PBXFrameworksBuildPhase section */
		28A57E922CD6AD0A00200294 /* Frameworks */ = {
			isa = PBXFrameworksBuildPhase;
			buildActionMask = 2147483647;
			files = (
			);
			runOnlyForDeploymentPostprocessing = 0;
		};
		28A57EA22CD6AD1000200294 /* Frameworks */ = {
			isa = PBXFrameworksBuildPhase;
			buildActionMask = 2147483647;
			files = (
			);
			runOnlyForDeploymentPostprocessing = 0;
		};
		28A57EAC2CD6AD1000200294 /* Frameworks */ = {
			isa = PBXFrameworksBuildPhase;
			buildActionMask = 2147483647;
			files = (
			);
			runOnlyForDeploymentPostprocessing = 0;
		};
/* End PBXFrameworksBuildPhase section */

/* Begin PBXGroup section */
		28A57E8C2CD6AD0A00200294 = {
			isa = PBXGroup;
			children = (
				28A57E972CD6AD0A00200294 /* HCI_project */,
				28A57EA82CD6AD1000200294 /* HCI_projectTests */,
				28A57EB22CD6AD1000200294 /* HCI_projectUITests */,
				28A57E962CD6AD0A00200294 /* Products */,
			);
			sourceTree = "<group>";
		};
		28A57E962CD6AD0A00200294 /* Products */ = {
			isa = PBXGroup;
			children = (
				28A57E952CD6AD0A00200294 /* HCI_project.app */,
				28A57EA52CD6AD1000200294 /* HCI_projectTests.xctest */,
				28A57EAF2CD6AD1000200294 /* HCI_projectUITests.xctest */,
			);
			name = Products;
			sourceTree = "<group>";
		};
/* End PBXGroup section */

/* Begin PBXNativeTarget section */
		28A57E942CD6AD0A00200294 /* HCI_project */ = {
			isa = PBXNativeTarget;
			buildConfigurationList = 28A57EB92CD6AD1000200294 /* Build configuration list for PBXNativeTarget "HCI_project" */;
			buildPhases = (
				28A57E912CD6AD0A00200294 /* Sources */,
				28A57E922CD6AD0A00200294 /* Frameworks */,
				28A57E932CD6AD0A00200294 /* Resources */,
			);
			buildRules = (
			);
			dependencies = (
			);
			fileSystemSynchronizedGroups = (
				28A57E972CD6AD0A00200294 /* HCI_project */,
			);
			name = HCI_project;
			packageProductDependencies = (
			);
			productName = HCI_project;
			productReference = 28A57E952CD6AD0A00200294 /* HCI_project.app */;
			productType = "com.apple.product-type.application";
		};
		28A57EA42CD6AD1000200294 /* HCI_projectTests */ = {
			isa = PBXNativeTarget;
			buildConfigurationList = 28A57EBC2CD6AD1000200294 /* Build configuration list for PBXNativeTarget "HCI_projectTests" */;
			buildPhases = (
				28A57EA12CD6AD1000200294 /* Sources */,
				28A57EA22CD6AD1000200294 /* Frameworks */,
				28A57EA32CD6AD1000200294 /* Resources */,
			);
			buildRules = (
			);
			dependencies = (
				28A57EA72CD6AD1000200294 /* PBXTargetDependency */,
			);
			fileSystemSynchronizedGroups = (
				28A57EA82CD6AD1000200294 /* HCI_projectTests */,
			);
			name = HCI_projectTests;
			packageProductDependencies = (
			);
			productName = HCI_projectTests;
			productReference = 28A57EA52CD6AD1000200294 /* HCI_projectTests.xctest */;
			productType = "com.apple.product-type.bundle.unit-test";
		};
		28A57EAE2CD6AD1000200294 /* HCI_projectUITests */ = {
			isa = PBXNativeTarget;
			buildConfigurationList = 28A57EBF2CD6AD1000200294 /* Build configuration list for PBXNativeTarget "HCI_projectUITests" */;
			buildPhases = (
				28A57EAB2CD6AD1000200294 /* Sources */,
				28A57EAC2CD6AD1000200294 /* Frameworks */,
				28A57EAD2CD6AD1000200294 /* Resources */,
			);
			buildRules = (
			);
			dependencies = (
				28A57EB12CD6AD1000200294 /* PBXTargetDependency */,
			);
			fileSystemSynchronizedGroups = (
				28A57EB22CD6AD1000200294 /* HCI_projectUITests */,
			);
			name = HCI_projectUITests;
			packageProductDependencies = (
			);
			productName = HCI_projectUITests;
			productReference = 28A57EAF2CD6AD1000200294 /* HCI_projectUITests.xctest */;
			productType = "com.apple.product-type.bundle.ui-testing";
		};
/* End PBXNativeTarget section */

/* Begin PBXProject section */
		28A57E8D2CD6AD0A00200294 /* Project object */ = {
			isa = PBXProject;
			attributes = {
				BuildIndependentTargetsInParallel = 1;
				LastSwiftUpdateCheck = 1610;
				LastUpgradeCheck = 1610;
				TargetAttributes = {
					28A57E942CD6AD0A00200294 = {
						CreatedOnToolsVersion = 16.1;
					};
					28A57EA42CD6AD1000200294 = {
						CreatedOnToolsVersion = 16.1;
						TestTargetID = 28A57E942CD6AD0A00200294;
					};
					28A57EAE2CD6AD1000200294 = {
						CreatedOnToolsVersion = 16.1;
						TestTargetID = 28A57E942CD6AD0A00200294;
					};
				};
			};
			buildConfigurationList = 28A57E902CD6AD0A00200294 /* Build configuration list for PBXProject "HCI_project" */;
			developmentRegion = en;
			hasScannedForEncodings = 0;
			knownRegions = (
				en,
				Base,
			);
			mainGroup = 28A57E8C2CD6AD0A00200294;
			minimizedProjectReferenceProxies = 1;
			preferredProjectObjectVersion = 77;
			productRefGroup = 28A57E962CD6AD0A00200294 /* Products */;
			projectDirPath = "";
			projectRoot = "";
			targets = (
				28A57E942CD6AD0A00200294 /* HCI_project */,
				28A57EA42CD6AD1000200294 /* HCI_projectTests */,
				28A57EAE2CD6AD1000200294 /* HCI_projectUITests */,
			);
		};
/* End PBXProject section */

/* Begin PBXResourcesBuildPhase section */
		28A57E932CD6AD0A00200294 /* Resources */ = {
			isa = PBXResourcesBuildPhase;
			buildActionMask = 2147483647;
			files = (
			);
			runOnlyForDeploymentPostprocessing = 0;
		};
		28A57EA32CD6AD1000200294 /* Resources */ = {
			isa = PBXResourcesBuildPhase;
			buildActionMask = 2147483647;
			files = (
			);
			runOnlyForDeploymentPostprocessing = 0;
		};
		28A57EAD2CD6AD1000200294 /* Resources */ = {
			isa = PBXResourcesBuildPhase;
			buildActionMask = 2147483647;
			files = (
			);
			runOnlyForDeploymentPostprocessing = 0;
		};
/* End PBXResourcesBuildPhase section */

/* Begin PBXSourcesBuildPhase section */
		28A57E912CD6AD0A00200294 /* Sources */ = {
			isa = PBXSourcesBuildPhase;
			buildActionMask = 2147483647;
			files = (
			);
			runOnlyForDeploymentPostprocessing = 0;
		};
		28A57EA12CD6AD1000200294 /* Sources */ = {
			isa = PBXSourcesBuildPhase;
			buildActionMask = 2147483647;
			files = (
			);
			runOnlyForDeploymentPostprocessing = 0;
		};
		28A57EAB2CD6AD1000200294 /* Sources */ = {
			isa = PBXSourcesBuildPhase;
			buildActionMask = 2147483647;
			files = (
			);
			runOnlyForDeploymentPostprocessing = 0;
		};
/* End PBXSourcesBuildPhase section */

/* Begin PBXTargetDependency section */
		28A57EA72CD6AD1000200294 /* PBXTargetDependency */ = {
			isa = PBXTargetDependency;
			target = 28A57E942CD6AD0A00200294 /* HCI_project */;
			targetProxy = 28A57EA62CD6AD1000200294 /* PBXContainerItemProxy */;
		};
		28A57EB12CD6AD1000200294 /* PBXTargetDependency */ = {
			isa = PBXTargetDependency;
			target = 28A57E942CD6AD0A00200294 /* HCI_project */;
			targetProxy = 28A57EB02CD6AD1000200294 /* PBXContainerItemProxy */;
		};
/* End PBXTargetDependency section */

/* Begin XCBuildConfiguration section */
		28A57EB72CD6AD1000200294 /* Debug */ = {
			isa = XCBuildConfiguration;
			buildSettings = {
				ALWAYS_SEARCH_USER_PATHS = NO;
				ASSETCATALOG_COMPILER_GENERATE_SWIFT_ASSET_SYMBOL_EXTENSIONS = YES;
				CLANG_ANALYZER_NONNULL = YES;
				CLANG_ANALYZER_NUMBER_OBJECT_CONVERSION = YES_AGGRESSIVE;
				CLANG_CXX_LANGUAGE_STANDARD = "gnu++20";
				CLANG_ENABLE_MODULES = YES;
				CLANG_ENABLE_OBJC_ARC = YES;
				CLANG_ENABLE_OBJC_WEAK = YES;
				CLANG_WARN_BLOCK_CAPTURE_AUTORELEASING = YES;
				CLANG_WARN_BOOL_CONVERSION = YES;
				CLANG_WARN_COMMA = YES;
				CLANG_WARN_CONSTANT_CONVERSION = YES;
				CLANG_WARN_DEPRECATED_OBJC_IMPLEMENTATIONS = YES;
				CLANG_WARN_DIRECT_OBJC_ISA_USAGE = YES_ERROR;
				CLANG_WARN_DOCUMENTATION_COMMENTS = YES;
				CLANG_WARN_EMPTY_BODY = YES;
				CLANG_WARN_ENUM_CONVERSION = YES;
				CLANG_WARN_INFINITE_RECURSION = YES;
				CLANG_WARN_INT_CONVERSION = YES;
				CLANG_WARN_NON_LITERAL_NULL_CONVERSION = YES;
				CLANG_WARN_OBJC_IMPLICIT_RETAIN_SELF = YES;
				CLANG_WARN_OBJC_LITERAL_CONVERSION = YES;
				CLANG_WARN_OBJC_ROOT_CLASS = YES_ERROR;
				CLANG_WARN_QUOTED_INCLUDE_IN_FRAMEWORK_HEADER = YES;
				CLANG_WARN_RANGE_LOOP_ANALYSIS = YES;
				CLANG_WARN_STRICT_PROTOTYPES = YES;
				CLANG_WARN_SUSPICIOUS_MOVE = YES;
				CLANG_WARN_UNGUARDED_AVAILABILITY = YES_AGGRESSIVE;
				CLANG_WARN_UNREACHABLE_CODE = YES;
				CLANG_WARN__DUPLICATE_METHOD_MATCH = YES;
				COPY_PHASE_STRIP = NO;
				DEBUG_INFORMATION_FORMAT = dwarf;
				ENABLE_STRICT_OBJC_MSGSEND = YES;
				ENABLE_TESTABILITY = YES;
				ENABLE_USER_SCRIPT_SANDBOXING = YES;
				GCC_C_LANGUAGE_STANDARD = gnu17;
				GCC_DYNAMIC_NO_PIC = NO;
				GCC_NO_COMMON_BLOCKS = YES;
				GCC_OPTIMIZATION_LEVEL = 0;
				GCC_PREPROCESSOR_DEFINITIONS = (
					"DEBUG=1",
					"$(inherited)",
				);
				GCC_WARN_64_TO_32_BIT_CONVERSION = YES;
				GCC_WARN_ABOUT_RETURN_TYPE = YES_ERROR;
				GCC_WARN_UNDECLARED_SELECTOR = YES;
				GCC_WARN_UNINITIALIZED_AUTOS = YES_AGGRESSIVE;
				GCC_WARN_UNUSED_FUNCTION = YES;
				GCC_WARN_UNUSED_VARIABLE = YES;
				IPHONEOS_DEPLOYMENT_TARGET = 18.1;
				LOCALIZATION_PREFERS_STRING_CATALOGS = YES;
				MTL_ENABLE_DEBUG_INFO = INCLUDE_SOURCE;
				MTL_FAST_MATH = YES;
				ONLY_ACTIVE_ARCH = YES;
				SDKROOT = iphoneos;
				SWIFT_ACTIVE_COMPILATION_CONDITIONS = "DEBUG $(inherited)";
				SWIFT_OPTIMIZATION_LEVEL = "-Onone";
			};
			name = Debug;
		};
		28A57EB82CD6AD1000200294 /* Release */ = {
			isa = XCBuildConfiguration;
			buildSettings = {
				ALWAYS_SEARCH_USER_PATHS = NO;
				ASSETCATALOG_COMPILER_GENERATE_SWIFT_ASSET_SYMBOL_EXTENSIONS = YES;
				CLANG_ANALYZER_NONNULL = YES;
				CLANG_ANALYZER_NUMBER_OBJECT_CONVERSION = YES_AGGRESSIVE;
				CLANG_CXX_LANGUAGE_STANDARD = "gnu++20";
				CLANG_ENABLE_MODULES = YES;
				CLANG_ENABLE_OBJC_ARC = YES;
				CLANG_ENABLE_OBJC_WEAK = YES;
				CLANG_WARN_BLOCK_CAPTURE_AUTORELEASING = YES;
				CLANG_WARN_BOOL_CONVERSION = YES;
				CLANG_WARN_COMMA = YES;
				CLANG_WARN_CONSTANT_CONVERSION = YES;
				CLANG_WARN_DEPRECATED_OBJC_IMPLEMENTATIONS = YES;
				CLANG_WARN_DIRECT_OBJC_ISA_USAGE = YES_ERROR;
				CLANG_WARN_DOCUMENTATION_COMMENTS = YES;
				CLANG_WARN_EMPTY_BODY = YES;
				CLANG_WARN_ENUM_CONVERSION = YES;
				CLANG_WARN_INFINITE_RECURSION = YES;
				CLANG_WARN_INT_CONVERSION = YES;
				CLANG_WARN_NON_LITERAL_NULL_CONVERSION = YES;
				CLANG_WARN_OBJC_IMPLICIT_RETAIN_SELF = YES;
				CLANG_WARN_OBJC_LITERAL_CONVERSION = YES;
				CLANG_WARN_OBJC_ROOT_CLASS = YES_ERROR;
				CLANG_WARN_QUOTED_INCLUDE_IN_FRAMEWORK_HEADER = YES;
				CLANG_WARN_RANGE_LOOP_ANALYSIS = YES;
				CLANG_WARN_STRICT_PROTOTYPES = YES;
				CLANG_WARN_SUSPICIOUS_MOVE = YES;
				CLANG_WARN_UNGUARDED_AVAILABILITY = YES_AGGRESSIVE;
				CLANG_WARN_UNREACHABLE_CODE = YES;
				CLANG_WARN__DUPLICATE_METHOD_MATCH = YES;
				COPY_PHASE_STRIP = NO;
				DEBUG_INFORMATION_FORMAT = "dwarf-with-dsym";
				ENABLE_NS_ASSERTIONS = NO;
				ENABLE_STRICT_OBJC_MSGSEND = YES;
				ENABLE_USER_SCRIPT_SANDBOXING = YES;
				GCC_C_LANGUAGE_STANDARD = gnu17;
				GCC_NO_COMMON_BLOCKS = YES;
				GCC_WARN_64_TO_32_BIT_CONVERSION = YES;
				GCC_WARN_ABOUT_RETURN_TYPE = YES_ERROR;
				GCC_WARN_UNDECLARED_SELECTOR = YES;
				GCC_WARN_UNINITIALIZED_AUTOS = YES_AGGRESSIVE;
				GCC_WARN_UNUSED_FUNCTION = YES;
				GCC_WARN_UNUSED_VARIABLE = YES;
				IPHONEOS_DEPLOYMENT_TARGET = 18.1;
				LOCALIZATION_PREFERS_STRING_CATALOGS = YES;
				MTL_ENABLE_DEBUG_INFO = NO;
				MTL_FAST_MATH = YES;
				SDKROOT = iphoneos;
				SWIFT_COMPILATION_MODE = wholemodule;
				VALIDATE_PRODUCT = YES;
			};
			name = Release;
		};
		28A57EBA2CD6AD1000200294 /* Debug */ = {
			isa = XCBuildConfiguration;
			buildSettings = {
				ASSETCATALOG_COMPILER_APPICON_NAME = AppIcon;
				ASSETCATALOG_COMPILER_GLOBAL_ACCENT_COLOR_NAME = AccentColor;
				CODE_SIGN_STYLE = Automatic;
				CURRENT_PROJECT_VERSION = 1;
				DEVELOPMENT_ASSET_PATHS = "\"HCI_project/Preview Content\"";
				ENABLE_PREVIEWS = YES;
				GENERATE_INFOPLIST_FILE = YES;
				INFOPLIST_KEY_UIApplicationSceneManifest_Generation = YES;
				INFOPLIST_KEY_UIApplicationSupportsIndirectInputEvents = YES;
				INFOPLIST_KEY_UILaunchScreen_Generation = YES;
				INFOPLIST_KEY_UISupportedInterfaceOrientations_iPad = "UIInterfaceOrientationPortrait UIInterfaceOrientationPortraitUpsideDown UIInterfaceOrientationLandscapeLeft UIInterfaceOrientationLandscapeRight";
				INFOPLIST_KEY_UISupportedInterfaceOrientations_iPhone = "UIInterfaceOrientationPortrait UIInterfaceOrientationLandscapeLeft UIInterfaceOrientationLandscapeRight";
				LD_RUNPATH_SEARCH_PATHS = (
					"$(inherited)",
					"@executable_path/Frameworks",
				);
				MARKETING_VERSION = 1.0;
				PRODUCT_BUNDLE_IDENTIFIER = "AbbyS.HCI-project";
				PRODUCT_NAME = "$(TARGET_NAME)";
				SWIFT_EMIT_LOC_STRINGS = YES;
				SWIFT_VERSION = 5.0;
				TARGETED_DEVICE_FAMILY = "1,2";
			};
			name = Debug;
		};
		28A57EBB2CD6AD1000200294 /* Release */ = {
			isa = XCBuildConfiguration;
			buildSettings = {
				ASSETCATALOG_COMPILER_APPICON_NAME = AppIcon;
				ASSETCATALOG_COMPILER_GLOBAL_ACCENT_COLOR_NAME = AccentColor;
				CODE_SIGN_STYLE = Automatic;
				CURRENT_PROJECT_VERSION = 1;
				DEVELOPMENT_ASSET_PATHS = "\"HCI_project/Preview Content\"";
				ENABLE_PREVIEWS = YES;
				GENERATE_INFOPLIST_FILE = YES;
				INFOPLIST_KEY_UIApplicationSceneManifest_Generation = YES;
				INFOPLIST_KEY_UIApplicationSupportsIndirectInputEvents = YES;
				INFOPLIST_KEY_UILaunchScreen_Generation = YES;
				INFOPLIST_KEY_UISupportedInterfaceOrientations_iPad = "UIInterfaceOrientationPortrait UIInterfaceOrientationPortraitUpsideDown UIInterfaceOrientationLandscapeLeft UIInterfaceOrientationLandscapeRight";
				INFOPLIST_KEY_UISupportedInterfaceOrientations_iPhone = "UIInterfaceOrientationPortrait UIInterfaceOrientationLandscapeLeft UIInterfaceOrientationLandscapeRight";
				LD_RUNPATH_SEARCH_PATHS = (
					"$(inherited)",
					"@executable_path/Frameworks",
				);
				MARKETING_VERSION = 1.0;
				PRODUCT_BUNDLE_IDENTIFIER = "AbbyS.HCI-project";
				PRODUCT_NAME = "$(TARGET_NAME)";
				SWIFT_EMIT_LOC_STRINGS = YES;
				SWIFT_VERSION = 5.0;
				TARGETED_DEVICE_FAMILY = "1,2";
			};
			name = Release;
		};
		28A57EBD2CD6AD1000200294 /* Debug */ = {
			isa = XCBuildConfiguration;
			buildSettings = {
				BUNDLE_LOADER = "$(TEST_HOST)";
				CODE_SIGN_STYLE = Automatic;
				CURRENT_PROJECT_VERSION = 1;
				GENERATE_INFOPLIST_FILE = YES;
				IPHONEOS_DEPLOYMENT_TARGET = 18.1;
				MARKETING_VERSION = 1.0;
				PRODUCT_BUNDLE_IDENTIFIER = "AbbyS.HCI-projectTests";
				PRODUCT_NAME = "$(TARGET_NAME)";
				SWIFT_EMIT_LOC_STRINGS = NO;
				SWIFT_VERSION = 5.0;
				TARGETED_DEVICE_FAMILY = "1,2";
				TEST_HOST = "$(BUILT_PRODUCTS_DIR)/HCI_project.app/$(BUNDLE_EXECUTABLE_FOLDER_PATH)/HCI_project";
			};
			name = Debug;
		};
		28A57EBE2CD6AD1000200294 /* Release */ = {
			isa = XCBuildConfiguration;
			buildSettings = {
				BUNDLE_LOADER = "$(TEST_HOST)";
				CODE_SIGN_STYLE = Automatic;
				CURRENT_PROJECT_VERSION = 1;
				GENERATE_INFOPLIST_FILE = YES;
				IPHONEOS_DEPLOYMENT_TARGET = 18.1;
				MARKETING_VERSION = 1.0;
				PRODUCT_BUNDLE_IDENTIFIER = "AbbyS.HCI-projectTests";
				PRODUCT_NAME = "$(TARGET_NAME)";
				SWIFT_EMIT_LOC_STRINGS = NO;
				SWIFT_VERSION = 5.0;
				TARGETED_DEVICE_FAMILY = "1,2";
				TEST_HOST = "$(BUILT_PRODUCTS_DIR)/HCI_project.app/$(BUNDLE_EXECUTABLE_FOLDER_PATH)/HCI_project";
			};
			name = Release;
		};
		28A57EC02CD6AD1000200294 /* Debug */ = {
			isa = XCBuildConfiguration;
			buildSettings = {
				CODE_SIGN_STYLE = Automatic;
				CURRENT_PROJECT_VERSION = 1;
				GENERATE_INFOPLIST_FILE = YES;
				MARKETING_VERSION = 1.0;
				PRODUCT_BUNDLE_IDENTIFIER = "AbbyS.HCI-projectUITests";
				PRODUCT_NAME = "$(TARGET_NAME)";
				SWIFT_EMIT_LOC_STRINGS = NO;
				SWIFT_VERSION = 5.0;
				TARGETED_DEVICE_FAMILY = "1,2";
				TEST_TARGET_NAME = HCI_project;
			};
			name = Debug;
		};
		28A57EC12CD6AD1000200294 /* Release */ = {
			isa = XCBuildConfiguration;
			buildSettings = {
				CODE_SIGN_STYLE = Automatic;
				CURRENT_PROJECT_VERSION = 1;
				GENERATE_INFOPLIST_FILE = YES;
				MARKETING_VERSION = 1.0;
				PRODUCT_BUNDLE_IDENTIFIER = "AbbyS.HCI-projectUITests";
				PRODUCT_NAME = "$(TARGET_NAME)";
				SWIFT_EMIT_LOC_STRINGS = NO;
				SWIFT_VERSION = 5.0;
				TARGETED_DEVICE_FAMILY = "1,2";
				TEST_TARGET_NAME = HCI_project;
			};
			name = Release;
		};
/* End XCBuildConfiguration section */

/* Begin XCConfigurationList section */
		28A57E902CD6AD0A00200294 /* Build configuration list for PBXProject "HCI_project" */ = {
			isa = XCConfigurationList;
			buildConfigurations = (
				28A57EB72CD6AD1000200294 /* Debug */,
				28A57EB82CD6AD1000200294 /* Release */,
			);
			defaultConfigurationIsVisible = 0;
			defaultConfigurationName = Release;
		};
		28A57EB92CD6AD1000200294 /* Build configuration list for PBXNativeTarget "HCI_project" */ = {
			isa = XCConfigurationList;
			buildConfigurations = (
				28A57EBA2CD6AD1000200294 /* Debug */,
				28A57EBB2CD6AD1000200294 /* Release */,
			);
			defaultConfigurationIsVisible = 0;
			defaultConfigurationName = Release;
		};
		28A57EBC2CD6AD1000200294 /* Build configuration list for PBXNativeTarget "HCI_projectTests" */ = {
			isa = XCConfigurationList;
			buildConfigurations = (
				28A57EBD2CD6AD1000200294 /* Debug */,
				28A57EBE2CD6AD1000200294 /* Release */,
			);
			defaultConfigurationIsVisible = 0;
			defaultConfigurationName = Release;
		};
		28A57EBF2CD6AD1000200294 /* Build configuration list for PBXNativeTarget "HCI_projectUITests" */ = {
			isa = XCConfigurationList;
			buildConfigurations = (
				28A57EC02CD6AD1000200294 /* Debug */,
				28A57EC12CD6AD1000200294 /* Release */,
			);
			defaultConfigurationIsVisible = 0;
			defaultConfigurationName = Release;
		};
/* End XCConfigurationList section */
	};
	rootObject = 28A57E8D2CD6AD0A00200294 /* Project object */;
}
